
Microsoft Visual Studio Solution File, Format Version 12.00
# Visual Studio 15
Project("{FAE04EC0-301F-11D3-BF4B-00C04F79EFBC}") = "RazorPagesMovie", "RazorPagesMovie.csproj", "{70A80AEE-4E36-4F8E-A606-0EF0F4D2D19C}"
EndProject
Project("{2150E333-8FDC-42A3-9474-1A3956D46DE8}") = "Models", "Models", "{D2F0295E-19BF-4759-B9E4-98ADAE407CBE}"
	ProjectSection(SolutionItems) = preProject
		Movie.cs = Movie.cs
		SeedData.cs = SeedData.cs
	EndProjectSection
EndProject
Project("{2150E333-8FDC-42A3-9474-1A3956D46DE8}") = "Data", "Data", "{A42D372F-52D1-4B43-BCA8-8C84588FAB68}"
	ProjectSection(SolutionItems) = preProject
		RazorPagesMovieContext.cs = RazorPagesMovieContext.cs
	EndProjectSection
EndProject
Global
	GlobalSection(SolutionConfigurationPlatforms) = preSolution
		Debug|Any CPU = Debug|Any CPU
		Release|Any CPU = Release|Any CPU
	EndGlobalSection
	GlobalSection(ProjectConfigurationPlatforms) = postSolution
		{70A80AEE-4E36-4F8E-A606-0EF0F4D2D19C}.Debug|Any CPU.ActiveCfg = Debug|Any CPU
		{70A80AEE-4E36-4F8E-A606-0EF0F4D2D19C}.Debug|Any CPU.Build.0 = Debug|Any CPU
		{70A80AEE-4E36-4F8E-A606-0EF0F4D2D19C}.Release|Any CPU.ActiveCfg = Release|Any CPU
		{70A80AEE-4E36-4F8E-A606-0EF0F4D2D19C}.Release|Any CPU.Build.0 = Release|Any CPU
	EndGlobalSection
EndGlobal
