
Microsoft Visual Studio Solution File, Format Version 12.00
# Visual Studio 15
Project("{FAE04EC0-301F-11D3-BF4B-00C04F79EFBC}") = "ConsoleApplication", "ConsoleApplication\ConsoleApplication.csproj", "{518FE995-A333-4841-8698-7BED640612FC}"
EndProject
Global
	GlobalSection(SolutionConfigurationPlatforms) = preSolution
		Debug|anycpu = Debug|anycpu
		Release|anycpu = Release|anycpu
	EndGlobalSection
	GlobalSection(ProjectConfigurationPlatforms) = postSolution
		{518FE995-A333-4841-8698-7BED640612FC}.Debug|anycpu.ActiveCfg = Debug|anycpu
		{518FE995-A333-4841-8698-7BED640612FC}.Debug|anycpu.Build.0 = Debug|anycpu
		{518FE995-A333-4841-8698-7BED640612FC}.Release|anycpu.ActiveCfg = Release|anycpu
		{518FE995-A333-4841-8698-7BED640612FC}.Release|anycpu.Build.0 = Release|anycpu
	EndGlobalSection
EndGlobal
